
Microsoft Visual Studio Solution File, Format Version 12.00
# Visual Studio Version 17
VisualStudioVersion = 17.7.34031.279
MinimumVisualStudioVersion = 10.0.40219.1
Project("{9A19103F-16F7-4668-BE54-9A1E7A4F7556}") = "PaySpace", "PaySpace\PaySpace.csproj", "{7B551C96-BB53-48BA-ABE1-A3D4D957C4D0}"
EndProject
Project("{FAE04EC0-301F-11D3-BF4B-00C04F79EFBC}") = "PaySpace.Service", "PaySpace.Service\PaySpace.Service.csproj", "{54540BB4-A41E-40FA-B793-4BEA31E9A766}"
EndProject
Project("{FAE04EC0-301F-11D3-BF4B-00C04F79EFBC}") = "PaySpace.Model", "PaySpace.Model\PaySpace.Model.csproj", "{5E800226-0C49-492D-850F-1C813F9BBFAC}"
EndProject
Global
	GlobalSection(SolutionConfigurationPlatforms) = preSolution
		Debug|Any CPU = Debug|Any CPU
		Release|Any CPU = Release|Any CPU
	EndGlobalSection
	GlobalSection(ProjectConfigurationPlatforms) = postSolution
		{7B551C96-BB53-48BA-ABE1-A3D4D957C4D0}.Debug|Any CPU.ActiveCfg = Debug|Any CPU
		{7B551C96-BB53-48BA-ABE1-A3D4D957C4D0}.Debug|Any CPU.Build.0 = Debug|Any CPU
		{7B551C96-BB53-48BA-ABE1-A3D4D957C4D0}.Release|Any CPU.ActiveCfg = Release|Any CPU
		{7B551C96-BB53-48BA-ABE1-A3D4D957C4D0}.Release|Any CPU.Build.0 = Release|Any CPU
		{54540BB4-A41E-40FA-B793-4BEA31E9A766}.Debug|Any CPU.ActiveCfg = Debug|Any CPU
		{54540BB4-A41E-40FA-B793-4BEA31E9A766}.Debug|Any CPU.Build.0 = Debug|Any CPU
		{54540BB4-A41E-40FA-B793-4BEA31E9A766}.Release|Any CPU.ActiveCfg = Release|Any CPU
		{54540BB4-A41E-40FA-B793-4BEA31E9A766}.Release|Any CPU.Build.0 = Release|Any CPU
		{5E800226-0C49-492D-850F-1C813F9BBFAC}.Debug|Any CPU.ActiveCfg = Debug|Any CPU
		{5E800226-0C49-492D-850F-1C813F9BBFAC}.Debug|Any CPU.Build.0 = Debug|Any CPU
		{5E800226-0C49-492D-850F-1C813F9BBFAC}.Release|Any CPU.ActiveCfg = Release|Any CPU
		{5E800226-0C49-492D-850F-1C813F9BBFAC}.Release|Any CPU.Build.0 = Release|Any CPU
	EndGlobalSection
	GlobalSection(SolutionProperties) = preSolution
		HideSolutionNode = FALSE
	EndGlobalSection
	GlobalSection(ExtensibilityGlobals) = postSolution
		SolutionGuid = {A37A7BC7-5C32-401A-9FEA-66C89F9BC14C}
	EndGlobalSection
EndGlobal
